
Microsoft Visual Studio Solution File, Format Version 12.00
# Visual Studio Express 2012 for Windows Desktop
Project("{FAE04EC0-301F-11D3-BF4B-00C04F79EFBC}") = "respuestausuario", "respuestausuario\respuestausuario.csproj", "{2FA08B5F-81CC-4F3C-A71B-66F05FB886BE}"
EndProject
Global
	GlobalSection(SolutionConfigurationPlatforms) = preSolution
		Debug|Any CPU = Debug|Any CPU
		Release|Any CPU = Release|Any CPU
	EndGlobalSection
	GlobalSection(ProjectConfigurationPlatforms) = postSolution
		{2FA08B5F-81CC-4F3C-A71B-66F05FB886BE}.Debug|Any CPU.ActiveCfg = Debug|Any CPU
		{2FA08B5F-81CC-4F3C-A71B-66F05FB886BE}.Debug|Any CPU.Build.0 = Debug|Any CPU
		{2FA08B5F-81CC-4F3C-A71B-66F05FB886BE}.Release|Any CPU.ActiveCfg = Release|Any CPU
		{2FA08B5F-81CC-4F3C-A71B-66F05FB886BE}.Release|Any CPU.Build.0 = Release|Any CPU
	EndGlobalSection
	GlobalSection(SolutionProperties) = preSolution
		HideSolutionNode = FALSE
	EndGlobalSection
EndGlobal
